
Microsoft Visual Studio Solution File, Format Version 12.00
# Visual Studio 2015
Project("{FAE04EC0-301F-11D3-BF4B-00C04F79EFBC}") = "Barn Run", "Barn Run.csproj", "{70B72C8C-9F09-56D1-B55C-666D8E23D09D}"
EndProject
Global
	GlobalSection(SolutionConfigurationPlatforms) = preSolution
		Debug|Any CPU = Debug|Any CPU
		Release|Any CPU = Release|Any CPU
	EndGlobalSection
	GlobalSection(ProjectConfigurationPlatforms) = postSolution
		{70B72C8C-9F09-56D1-B55C-666D8E23D09D}.Debug|Any CPU.ActiveCfg = Debug|Any CPU
		{70B72C8C-9F09-56D1-B55C-666D8E23D09D}.Debug|Any CPU.Build.0 = Debug|Any CPU
		{70B72C8C-9F09-56D1-B55C-666D8E23D09D}.Release|Any CPU.ActiveCfg = Release|Any CPU
		{70B72C8C-9F09-56D1-B55C-666D8E23D09D}.Release|Any CPU.Build.0 = Release|Any CPU
	EndGlobalSection
	GlobalSection(SolutionProperties) = preSolution
		HideSolutionNode = FALSE
	EndGlobalSection
EndGlobal
